{
  "name": "ondc-logistics-bap",
  "version": "1.0.0",
  "lockfileVersion": 3,
  "requires": true,
  "packages": {
    "": {
      "name": "ondc-logistics-bap",
      "version": "1.0.0",
      "license": "ISC",
      "dependencies": {
        "braintree-web": "^3.92.1",
        "braintree-web-drop-in-react": "^1.2.1"
      },
      "devDependencies": {
        "dotenv": "^16.0.3"
      }
    },
    "node_modules/@braintree/asset-loader": {
      "version": "0.4.4",
      "resolved": "https://registry.npmjs.org/@braintree/asset-loader/-/asset-loader-0.4.4.tgz",
      "integrity": "sha512-uVhXC5dydmngmNVuDiKgfXSlz4kv4x5ytIJodI8N5SY16mRh13m/UmbQ7yH+o8DQqp50qPZ45MUHIZkXKPg85w==",
      "dependencies": {
        "promise-polyfill": "^8.1.3"
      }
    },
    "node_modules/@braintree/browser-detection": {
      "version": "1.14.0",
      "resolved": "https://registry.npmjs.org/@braintree/browser-detection/-/browser-detection-1.14.0.tgz",
      "integrity": "sha512-OsqU+28RhNvSw8Y5JEiUHUrAyn4OpYazFkjSJe8ZVZfkAaRXQc6hsV38MMEpIlkPMig+A68buk/diY+0O8/dMQ=="
    },
    "node_modules/@braintree/class-list": {
      "version": "0.2.0",
      "resolved": "https://registry.npmjs.org/@braintree/class-list/-/class-list-0.2.0.tgz",
      "integrity": "sha512-iLXJT51jnBFuGvyTAQqZ2uwyEVwdyapyz52F5MK1Uoh2ZOiPJ5hoqI0wncyCP2KfqrgyCpOkkEaLMLb/94unGA=="
    },
    "node_modules/@braintree/event-emitter": {
      "version": "0.4.1",
      "resolved": "https://registry.npmjs.org/@braintree/event-emitter/-/event-emitter-0.4.1.tgz",
      "integrity": "sha512-X41357O3OXUDlnwMvS1m0GQEn3zB3s3flOBeg2J5OBvLvdJEIAVpPkblABPtsPrlciDSvfv1aSG5ixHPgFH0Zg=="
    },
    "node_modules/@braintree/extended-promise": {
      "version": "0.4.1",
      "resolved": "https://registry.npmjs.org/@braintree/extended-promise/-/extended-promise-0.4.1.tgz",
      "integrity": "sha512-00n7m4z+swWHoFQLHLvrIBIEoxnGUBsl3ogvX79ITpcn8CHczDwtxYy5+RhMoAraRdfN3oB+8QIpN3KOxs2Q7w=="
    },
    "node_modules/@braintree/iframer": {
      "version": "1.1.0",
      "resolved": "https://registry.npmjs.org/@braintree/iframer/-/iframer-1.1.0.tgz",
      "integrity": "sha512-tVpr7U6u6bqeQlHreEjYMNtnHX62vLnNWziY2kQLqkWhvusPuY5DfuGEIPpWqsd+V/a1slyTQaxK6HWTlH6A/Q=="
    },
    "node_modules/@braintree/sanitize-url": {
      "version": "6.0.2",
      "resolved": "https://registry.npmjs.org/@braintree/sanitize-url/-/sanitize-url-6.0.2.tgz",
      "integrity": "sha512-Tbsj02wXCbqGmzdnXNk0SOF19ChhRU70BsroIi4Pm6Ehp56in6vch94mfbdQ17DozxkL3BAVjbZ4Qc1a0HFRAg=="
    },
    "node_modules/@braintree/uuid": {
      "version": "0.1.0",
      "resolved": "https://registry.npmjs.org/@braintree/uuid/-/uuid-0.1.0.tgz",
      "integrity": "sha512-YvZJdlNcK5EnR+7M8AjgEAf4Qx696+FOSYlPfy5ePn80vODtVAUU0FxHnzKZC0og1VbDNQDDiwhthR65D4Na0g=="
    },
    "node_modules/@braintree/wrap-promise": {
      "version": "2.1.0",
      "resolved": "https://registry.npmjs.org/@braintree/wrap-promise/-/wrap-promise-2.1.0.tgz",
      "integrity": "sha512-UIrJB+AfKU0CCfbMoWrsGpd2D/hBpY/SGgFI6WRHPOwhaZ3g9rz1weiJ6eb6L9KgVyunT7s2tckcPkbHw+NzeA=="
    },
    "node_modules/braintree-web": {
      "version": "3.92.1",
      "resolved": "https://registry.npmjs.org/braintree-web/-/braintree-web-3.92.1.tgz",
      "integrity": "sha512-ZYHa1rZD2vFi7Z0mMCEVI6seyARZ30inifRYvqXOPlhOX8teIkR6aqUXOcDljQxL7qlrIo4jpnScF9lcuaeYtA==",
      "dependencies": {
        "@braintree/asset-loader": "0.4.4",
        "@braintree/browser-detection": "1.14.0",
        "@braintree/class-list": "0.2.0",
        "@braintree/event-emitter": "0.4.1",
        "@braintree/extended-promise": "0.4.1",
        "@braintree/iframer": "1.1.0",
        "@braintree/sanitize-url": "6.0.2",
        "@braintree/uuid": "0.1.0",
        "@braintree/wrap-promise": "2.1.0",
        "cached-path-relative": "1.1.0",
        "card-validator": "8.1.1",
        "credit-card-type": "9.1.0",
        "decode-uri-component": "0.2.2",
        "framebus": "5.2.0",
        "inject-stylesheet": "5.0.0",
        "json5": "2.2.3",
        "minimist": "1.2.8",
        "promise-polyfill": "8.2.3",
        "restricted-input": "3.0.5",
        "terser": "4.8.1"
      }
    },
    "node_modules/braintree-web-drop-in": {
      "version": "1.36.1",
      "resolved": "https://registry.npmjs.org/braintree-web-drop-in/-/braintree-web-drop-in-1.36.1.tgz",
      "integrity": "sha512-Qiv7elEJRq8/A3bW9BeYcXL64HtlUiq5Sjf2CPZY8coOZ7xrXEwfjFoNMT90DP2o6rzjAa+d/PZ9OP/BdO5H9A==",
      "dependencies": {
        "@braintree/asset-loader": "0.4.4",
        "@braintree/browser-detection": "1.14.0",
        "@braintree/class-list": "0.2.0",
        "@braintree/event-emitter": "0.4.1",
        "@braintree/uuid": "0.1.0",
        "@braintree/wrap-promise": "2.1.0",
        "braintree-web": "3.92.1",
        "promise-polyfill": "8.2.3"
      }
    },
    "node_modules/braintree-web-drop-in-react": {
      "version": "1.2.1",
      "resolved": "https://registry.npmjs.org/braintree-web-drop-in-react/-/braintree-web-drop-in-react-1.2.1.tgz",
      "integrity": "sha512-J0Xzb6EXYvvOp74Vqhmny3tsbeqeKKRPmWaJGnZQxJ5DFq1VYLCfDDPa14YpdhWTZiIgMRqRf4wpOdQ/Gcbf0w==",
      "dependencies": {
        "braintree-web-drop-in": "^1.24.0",
        "prop-types": "^15.7.2"
      },
      "peerDependencies": {
        "react": ">=16.13.1",
        "react-dom": ">=16.13.1"
      }
    },
    "node_modules/buffer-from": {
      "version": "1.1.2",
      "resolved": "https://registry.npmjs.org/buffer-from/-/buffer-from-1.1.2.tgz",
      "integrity": "sha512-E+XQCRwSbaaiChtv6k6Dwgc+bx+Bs6vuKJHHl5kox/BaKbhiXzqQOwK4cO22yElGp2OCmjwVhT3HmxgyPGnJfQ=="
    },
    "node_modules/cached-path-relative": {
      "version": "1.1.0",
      "resolved": "https://registry.npmjs.org/cached-path-relative/-/cached-path-relative-1.1.0.tgz",
      "integrity": "sha512-WF0LihfemtesFcJgO7xfOoOcnWzY/QHR4qeDqV44jPU3HTI54+LnfXK3SA27AVVGCdZFgjjFFaqUA9Jx7dMJZA=="
    },
    "node_modules/card-validator": {
      "version": "8.1.1",
      "resolved": "https://registry.npmjs.org/card-validator/-/card-validator-8.1.1.tgz",
      "integrity": "sha512-cN4FsKwoTfTFnqPwVc7TQLSsH/QMDB3n/gWm0XelcApz4sKipnOQ6k33sa3bWsNnnIpgs7eXOF+mUV2UQAX2Sw==",
      "dependencies": {
        "credit-card-type": "^9.1.0"
      }
    },
    "node_modules/commander": {
      "version": "2.20.3",
      "resolved": "https://registry.npmjs.org/commander/-/commander-2.20.3.tgz",
      "integrity": "sha512-GpVkmM8vF2vQUkj2LvZmD35JxeJOLCwJ9cUkugyk2nuhbv3+mJvpLYYt+0+USMxE+oj+ey/lJEnhZw75x/OMcQ=="
    },
    "node_modules/credit-card-type": {
      "version": "9.1.0",
      "resolved": "https://registry.npmjs.org/credit-card-type/-/credit-card-type-9.1.0.tgz",
      "integrity": "sha512-CpNFuLxiPFxuZqhSKml3M+t0K/484pMAnfYWH14JoD7OZMnmC0Lmo+P7JX9SobqFpRoo7ifA18kOHdxJywYPEA=="
    },
    "node_modules/decode-uri-component": {
      "version": "0.2.2",
      "resolved": "https://registry.npmjs.org/decode-uri-component/-/decode-uri-component-0.2.2.tgz",
      "integrity": "sha512-FqUYQ+8o158GyGTrMFJms9qh3CqTKvAqgqsTnkLI8sKu0028orqBhxNMFkFen0zGyg6epACD32pjVk58ngIErQ==",
      "engines": {
        "node": ">=0.10"
      }
    },
    "node_modules/dotenv": {
      "version": "16.0.3",
      "resolved": "https://registry.npmjs.org/dotenv/-/dotenv-16.0.3.tgz",
      "integrity": "sha512-7GO6HghkA5fYG9TYnNxi14/7K9f5occMlp3zXAuSxn7CKCxt9xbNWG7yF8hTCSUchlfWSe3uLmlPfigevRItzQ==",
      "dev": true,
      "engines": {
        "node": ">=12"
      }
    },
    "node_modules/framebus": {
      "version": "5.2.0",
      "resolved": "https://registry.npmjs.org/framebus/-/framebus-5.2.0.tgz",
      "integrity": "sha512-hIKt71vBVd/g0emUbuVg8HAeHEjxBwhAE87CKXvxPIy0sCoGWqBulB1k9lWBWUU6ZHXPs0xjXWMwUldWMiqD6A==",
      "dependencies": {
        "@braintree/uuid": "^0.1.0"
      }
    },
    "node_modules/inject-stylesheet": {
      "version": "5.0.0",
      "resolved": "https://registry.npmjs.org/inject-stylesheet/-/inject-stylesheet-5.0.0.tgz",
      "integrity": "sha512-GzncrJP8E/pavMQzoO93CXoYCfTttwVm2cX2TyXJdgtVE0cCvWSFCn1/uMsM6ZkEg7LUsOcKuamcLiGWlv2p9A=="
    },
    "node_modules/js-tokens": {
      "version": "4.0.0",
      "resolved": "https://registry.npmjs.org/js-tokens/-/js-tokens-4.0.0.tgz",
      "integrity": "sha512-RdJUflcE3cUzKiMqQgsCu06FPu9UdIJO0beYbPhHN4k6apgJtifcoCtT9bcxOpYBtpD2kCM6Sbzg4CausW/PKQ=="
    },
    "node_modules/json5": {
      "version": "2.2.3",
      "resolved": "https://registry.npmjs.org/json5/-/json5-2.2.3.tgz",
      "integrity": "sha512-XmOWe7eyHYH14cLdVPoyg+GOH3rYX++KpzrylJwSW98t3Nk+U8XOl8FWKOgwtzdb8lXGf6zYwDUzeHMWfxasyg==",
      "bin": {
        "json5": "lib/cli.js"
      },
      "engines": {
        "node": ">=6"
      }
    },
    "node_modules/loose-envify": {
      "version": "1.4.0",
      "resolved": "https://registry.npmjs.org/loose-envify/-/loose-envify-1.4.0.tgz",
      "integrity": "sha512-lyuxPGr/Wfhrlem2CL/UcnUc1zcqKAImBDzukY7Y5F/yQiNdko6+fRLevlw1HgMySw7f611UIY408EtxRSoK3Q==",
      "dependencies": {
        "js-tokens": "^3.0.0 || ^4.0.0"
      },
      "bin": {
        "loose-envify": "cli.js"
      }
    },
    "node_modules/minimist": {
      "version": "1.2.8",
      "resolved": "https://registry.npmjs.org/minimist/-/minimist-1.2.8.tgz",
      "integrity": "sha512-2yyAR8qBkN3YuheJanUpWC5U3bb5osDywNB8RzDVlDwDHbocAJveqqj1u8+SVD7jkWT4yvsHCpWqqWqAxb0zCA==",
      "funding": {
        "url": "https://github.com/sponsors/ljharb"
      }
    },
    "node_modules/object-assign": {
      "version": "4.1.1",
      "resolved": "https://registry.npmjs.org/object-assign/-/object-assign-4.1.1.tgz",
      "integrity": "sha512-rJgTQnkUnH1sFw8yT6VSU3zD3sWmu6sZhIseY8VX+GRu3P6F7Fu+JNDoXfklElbLJSnc3FUQHVe4cU5hj+BcUg==",
      "engines": {
        "node": ">=0.10.0"
      }
    },
    "node_modules/promise-polyfill": {
      "version": "8.2.3",
      "resolved": "https://registry.npmjs.org/promise-polyfill/-/promise-polyfill-8.2.3.tgz",
      "integrity": "sha512-Og0+jCRQetV84U8wVjMNccfGCnMQ9mGs9Hv78QFe+pSDD3gWTpz0y+1QCuxy5d/vBFuZ3iwP2eycAkvqIMPmWg=="
    },
    "node_modules/prop-types": {
      "version": "15.8.1",
      "resolved": "https://registry.npmjs.org/prop-types/-/prop-types-15.8.1.tgz",
      "integrity": "sha512-oj87CgZICdulUohogVAR7AjlC0327U4el4L6eAvOqCeudMDVU0NThNaV+b9Df4dXgSP1gXMTnPdhfe/2qDH5cg==",
      "dependencies": {
        "loose-envify": "^1.4.0",
        "object-assign": "^4.1.1",
        "react-is": "^16.13.1"
      }
    },
    "node_modules/react-is": {
      "version": "16.13.1",
      "resolved": "https://registry.npmjs.org/react-is/-/react-is-16.13.1.tgz",
      "integrity": "sha512-24e6ynE2H+OKt4kqsOvNd8kBpV65zoxbA4BVsEOB3ARVWQki/DHzaUoC5KuON/BiccDaCCTZBuOcfZs70kR8bQ=="
    },
    "node_modules/restricted-input": {
      "version": "3.0.5",
      "resolved": "https://registry.npmjs.org/restricted-input/-/restricted-input-3.0.5.tgz",
      "integrity": "sha512-lUuXZ3wUnHURRarj5/0C8vomWIfWJO+p7T6RYwB46v7Oyuyr3yyupU+i7SjqUv4S6RAeAAZt1C/QCLJ9xhQBow==",
      "dependencies": {
        "@braintree/browser-detection": "^1.12.1"
      }
    },
    "node_modules/source-map": {
      "version": "0.6.1",
      "resolved": "https://registry.npmjs.org/source-map/-/source-map-0.6.1.tgz",
      "integrity": "sha512-UjgapumWlbMhkBgzT7Ykc5YXUT46F0iKu8SGXq0bcwP5dz/h0Plj6enJqjz1Zbq2l5WaqYnrVbwWOWMyF3F47g==",
      "engines": {
        "node": ">=0.10.0"
      }
    },
    "node_modules/source-map-support": {
      "version": "0.5.21",
      "resolved": "https://registry.npmjs.org/source-map-support/-/source-map-support-0.5.21.tgz",
      "integrity": "sha512-uBHU3L3czsIyYXKX88fdrGovxdSCoTGDRZ6SYXtSRxLZUzHg5P/66Ht6uoUlHu9EZod+inXhKo3qQgwXUT/y1w==",
      "dependencies": {
        "buffer-from": "^1.0.0",
        "source-map": "^0.6.0"
      }
    },
    "node_modules/terser": {
      "version": "4.8.1",
      "resolved": "https://registry.npmjs.org/terser/-/terser-4.8.1.tgz",
      "integrity": "sha512-4GnLC0x667eJG0ewJTa6z/yXrbLGv80D9Ru6HIpCQmO+Q4PfEtBFi0ObSckqwL6VyQv/7ENJieXHo2ANmdQwgw==",
      "dependencies": {
        "commander": "^2.20.0",
        "source-map": "~0.6.1",
        "source-map-support": "~0.5.12"
      },
      "bin": {
        "terser": "bin/terser"
      },
      "engines": {
        "node": ">=6.0.0"
      }
    }
  }
}
